
Microsoft Visual Studio Solution File, Format Version 12.00
# Visual Studio Version 16
VisualStudioVersion = 25.0.1706.6
MinimumVisualStudioVersion = 10.0.40219.1
Project("{FAE04EC0-301F-11D3-BF4B-00C04F79EFBC}") = "ProAtividade.API", "ProAtividade.API.csproj", "{7F26669F-6EF4-4992-B918-F7FC30415988}"
EndProject
Global
	GlobalSection(SolutionConfigurationPlatforms) = preSolution
		Debug|Any CPU = Debug|Any CPU
		Release|Any CPU = Release|Any CPU
	EndGlobalSection
	GlobalSection(ProjectConfigurationPlatforms) = postSolution
		{7F26669F-6EF4-4992-B918-F7FC30415988}.Debug|Any CPU.ActiveCfg = Debug|Any CPU
		{7F26669F-6EF4-4992-B918-F7FC30415988}.Debug|Any CPU.Build.0 = Debug|Any CPU
		{7F26669F-6EF4-4992-B918-F7FC30415988}.Release|Any CPU.ActiveCfg = Release|Any CPU
		{7F26669F-6EF4-4992-B918-F7FC30415988}.Release|Any CPU.Build.0 = Release|Any CPU
	EndGlobalSection
	GlobalSection(SolutionProperties) = preSolution
		HideSolutionNode = FALSE
	EndGlobalSection
	GlobalSection(ExtensibilityGlobals) = postSolution
		SolutionGuid = {04A7685D-CDDF-4081-8AB7-6C12AD6C6DD7}
	EndGlobalSection
EndGlobal
